{
  "version": 4,
  "terraform_version": "1.6.5",
  "serial": 4,
  "lineage": "e4fec6ba-885e-88a5-e12a-c68fad15c979",
  "outputs": {},
  "resources": [
    {
      "module": "module.cdn_frontdoor",
      "mode": "managed",
      "type": "azurerm_cdn_frontdoor_endpoint",
      "name": "endpoints",
      "provider": "module.cdn_frontdoor.provider[\"registry.terraform.io/hashicorp/azurerm\"]",
      "instances": [
        {
          "index_key": "endpoint",
          "schema_version": 0,
          "attributes": {
            "cdn_frontdoor_profile_id": "/subscriptions/b4794ef1-0cdc-4c13-ab35-36826e82095a/resourceGroups/rg-smiling-swine/providers/Microsoft.Cdn/profiles/Front-Door-Standard-Sandpit",
            "enabled": true,
            "host_name": "endpoint-c7cbbrbbduevgnaa.z01.azurefd.net",
            "id": "/subscriptions/b4794ef1-0cdc-4c13-ab35-36826e82095a/resourceGroups/rg-smiling-swine/providers/Microsoft.Cdn/profiles/Front-Door-Standard-Sandpit/afdEndpoints/endpoint",
            "name": "endpoint",
            "tags": {
              "environment": "Sandpit",
              "managed-by": "Terraform"
            },
            "timeouts": null
          },
          "sensitive_attributes": [],
          "private": "eyJlMmJmYjczMC1lY2FhLTExZTYtOGY4OC0zNDM2M2JjN2M0YzAiOnsiY3JlYXRlIjoxODAwMDAwMDAwMDAwLCJkZWxldGUiOjE4MDAwMDAwMDAwMDAsInJlYWQiOjMwMDAwMDAwMDAwMCwidXBkYXRlIjoxODAwMDAwMDAwMDAwfX0=",
          "dependencies": [
            "module.cdn_frontdoor.azurerm_cdn_frontdoor_profile.profile"
          ]
        },
        {
          "index_key": "endpoint-2",
          "schema_version": 0,
          "attributes": {
            "cdn_frontdoor_profile_id": "/subscriptions/b4794ef1-0cdc-4c13-ab35-36826e82095a/resourceGroups/rg-smiling-swine/providers/Microsoft.Cdn/profiles/Front-Door-Standard-Sandpit",
            "enabled": true,
            "host_name": "endpoint-2-gjekgtb5eadegwch.z01.azurefd.net",
            "id": "/subscriptions/b4794ef1-0cdc-4c13-ab35-36826e82095a/resourceGroups/rg-smiling-swine/providers/Microsoft.Cdn/profiles/Front-Door-Standard-Sandpit/afdEndpoints/endpoint-2",
            "name": "endpoint-2",
            "tags": {
              "environment": "Sandpit",
              "managed-by": "Terraform"
            },
            "timeouts": null
          },
          "sensitive_attributes": [],
          "private": "eyJlMmJmYjczMC1lY2FhLTExZTYtOGY4OC0zNDM2M2JjN2M0YzAiOnsiY3JlYXRlIjoxODAwMDAwMDAwMDAwLCJkZWxldGUiOjE4MDAwMDAwMDAwMDAsInJlYWQiOjMwMDAwMDAwMDAwMCwidXBkYXRlIjoxODAwMDAwMDAwMDAwfX0=",
          "dependencies": [
            "module.cdn_frontdoor.azurerm_cdn_frontdoor_profile.profile"
          ]
        }
      ]
    },
    {
      "module": "module.cdn_frontdoor",
      "mode": "managed",
      "type": "azurerm_cdn_frontdoor_profile",
      "name": "profile",
      "provider": "module.cdn_frontdoor.provider[\"registry.terraform.io/hashicorp/azurerm\"]",
      "instances": [
        {
          "schema_version": 0,
          "attributes": {
            "id": "/subscriptions/b4794ef1-0cdc-4c13-ab35-36826e82095a/resourceGroups/rg-smiling-swine/providers/Microsoft.Cdn/profiles/Front-Door-Standard-Sandpit",
            "name": "Front-Door-Standard-Sandpit",
            "resource_group_name": "rg-smiling-swine",
            "resource_guid": "1fa5aef3-482e-4ed0-8061-89628643094a",
            "response_timeout_seconds": 120,
            "sku_name": "Standard_AzureFrontDoor",
            "tags": {
              "environment": "Sandpit",
              "managed-by": "Terraform"
            },
            "timeouts": null
          },
          "sensitive_attributes": [],
          "private": "eyJlMmJmYjczMC1lY2FhLTExZTYtOGY4OC0zNDM2M2JjN2M0YzAiOnsiY3JlYXRlIjoxODAwMDAwMDAwMDAwLCJkZWxldGUiOjE4MDAwMDAwMDAwMDAsInJlYWQiOjMwMDAwMDAwMDAwMCwidXBkYXRlIjoxODAwMDAwMDAwMDAwfX0="
        }
      ]
    }
  ],
  "check_results": null
}
